
Microsoft Visual Studio Solution File, Format Version 12.00
# Visual Studio Version 16
VisualStudioVersion = 16.0.30413.136
MinimumVisualStudioVersion = 10.0.40219.1
Project("{FAE04EC0-301F-11D3-BF4B-00C04F79EFBC}") = "ApiSeccureStudent", "ApiSeccureStudent\ApiSeccureStudent.csproj", "{FFA3FCB3-0766-43A4-872C-6A7957F6BAD9}"
EndProject
Global
	GlobalSection(SolutionConfigurationPlatforms) = preSolution
		Debug|Any CPU = Debug|Any CPU
		Release|Any CPU = Release|Any CPU
	EndGlobalSection
	GlobalSection(ProjectConfigurationPlatforms) = postSolution
		{FFA3FCB3-0766-43A4-872C-6A7957F6BAD9}.Debug|Any CPU.ActiveCfg = Debug|Any CPU
		{FFA3FCB3-0766-43A4-872C-6A7957F6BAD9}.Debug|Any CPU.Build.0 = Debug|Any CPU
		{FFA3FCB3-0766-43A4-872C-6A7957F6BAD9}.Release|Any CPU.ActiveCfg = Release|Any CPU
		{FFA3FCB3-0766-43A4-872C-6A7957F6BAD9}.Release|Any CPU.Build.0 = Release|Any CPU
	EndGlobalSection
	GlobalSection(SolutionProperties) = preSolution
		HideSolutionNode = FALSE
	EndGlobalSection
	GlobalSection(ExtensibilityGlobals) = postSolution
		SolutionGuid = {7F7AE78A-B606-404C-A541-C1F9C96C5F03}
	EndGlobalSection
EndGlobal
